
Microsoft Visual Studio Solution File, Format Version 12.00
# Visual Studio 15
VisualStudioVersion = 15.0.26730.15
MinimumVisualStudioVersion = 10.0.40219.1
Project("{FAE04EC0-301F-11D3-BF4B-00C04F79EFBC}") = "WebApplication1", "WebApplication1\WebApplication1.csproj", "{9DF5E551-8357-407B-9BA6-67368E5B806D}"
EndProject
Project("{FAE04EC0-301F-11D3-BF4B-00C04F79EFBC}") = "WebApplicationTest", "WebApplicationTest\WebApplicationTest.csproj", "{1F779808-6648-426D-B071-4A8A4C7E3445}"
EndProject
Global
	GlobalSection(SolutionConfigurationPlatforms) = preSolution
		Debug|Any CPU = Debug|Any CPU
		Release|Any CPU = Release|Any CPU
	EndGlobalSection
	GlobalSection(ProjectConfigurationPlatforms) = postSolution
		{9DF5E551-8357-407B-9BA6-67368E5B806D}.Debug|Any CPU.ActiveCfg = Debug|Any CPU
		{9DF5E551-8357-407B-9BA6-67368E5B806D}.Debug|Any CPU.Build.0 = Debug|Any CPU
		{9DF5E551-8357-407B-9BA6-67368E5B806D}.Release|Any CPU.ActiveCfg = Release|Any CPU
		{9DF5E551-8357-407B-9BA6-67368E5B806D}.Release|Any CPU.Build.0 = Release|Any CPU
		{1F779808-6648-426D-B071-4A8A4C7E3445}.Debug|Any CPU.ActiveCfg = Debug|Any CPU
		{1F779808-6648-426D-B071-4A8A4C7E3445}.Debug|Any CPU.Build.0 = Debug|Any CPU
		{1F779808-6648-426D-B071-4A8A4C7E3445}.Release|Any CPU.ActiveCfg = Release|Any CPU
		{1F779808-6648-426D-B071-4A8A4C7E3445}.Release|Any CPU.Build.0 = Release|Any CPU
	EndGlobalSection
	GlobalSection(SolutionProperties) = preSolution
		HideSolutionNode = FALSE
	EndGlobalSection
	GlobalSection(ExtensibilityGlobals) = postSolution
		SolutionGuid = {C1E2C158-1A19-41B7-9A5C-6B4CA39C5843}
	EndGlobalSection
EndGlobal
